<?xml version="1.0" encoding="utf-8"?>
<Project ToolsVersion="4.0" xmlns="http://schemas.microsoft.com/developer/msbuild/2003">
  <ItemGroup>
    <Filter Include="src">
      <UniqueIdentifier>{f1bf0341-7865-4ab8-9d44-9ff48812c44a}</UniqueIdentifier>
    </Filter>
    <Filter Include="include">
      <UniqueIdentifier>{624e4108-7fdb-4c41-adfc-806b96521781}</UniqueIdentifier>
    </Filter>
    <Filter Include="shaders">
      <UniqueIdentifier>{7eb67dc7-3be6-4035-9283-ed533f607dbc}</UniqueIdentifier>
    </Filter>
    <Filter Include="textures">
      <UniqueIdentifier>{e43ca61b-3ba4-4671-802b-f6b7e907b3f2}</UniqueIdentifier>
    </Filter>
    <Filter Include="lib">
      <UniqueIdentifier>{a017fa38-2a56-4949-aadf-765d4d382e00}</UniqueIdentifier>
    </Filter>
    <Filter Include="bin">
      <UniqueIdentifier>{39107c7c-7a7c-46f1-949f-133f0cc58220}</UniqueIdentifier>
    </Filter>
    <Filter Include="shaders\blackHole">
      <UniqueIdentifier>{331553c8-4ca8-4b5c-bccb-c113b61a8640}</UniqueIdentifier>
    </Filter>
    <Filter Include="shaders\ray">
      <UniqueIdentifier>{e4c65fe4-381f-44a6-a9ca-fc07bd3d473b}</UniqueIdentifier>
    </Filter>
    <Filter Include="shaders\grid">
      <UniqueIdentifier>{1f1faa94-47bd-4bef-b42c-254e760087df}</UniqueIdentifier>
    </Filter>
    <Filter Include="shaders\skybox">
      <UniqueIdentifier>{a08b8bf2-d4e6-4e3b-8561-3d781fc0d23e}</UniqueIdentifier>
    </Filter>
    <Filter Include="textures\skybox">
      <UniqueIdentifier>{fa61a872-3417-452d-b595-3511747a09b8}</UniqueIdentifier>
    </Filter>
  </ItemGroup>
  <ItemGroup>
    <ClCompile Include="src\main.cpp">
      <Filter>src</Filter>
    </ClCompile>
    <ClCompile Include="src\blackhole_3d.cpp">
      <Filter>src</Filter>
    </ClCompile>
    <ClCompile Include="src\glad.c">
      <Filter>src</Filter>
    </ClCompile>
  </ItemGroup>
  <ItemGroup>
    <None Include="shaders\blackHole\shader.frag">
      <Filter>shaders\blackHole</Filter>
    </None>
    <None Include="shaders\blackHole\shader.vert">
      <Filter>shaders\blackHole</Filter>
    </None>
    <None Include="shaders\ray\shader.vert">
      <Filter>shaders\ray</Filter>
    </None>
    <None Include="shaders\ray\shader.frag">
      <Filter>shaders\ray</Filter>
    </None>
    <None Include="shaders\grid\shader.frag">
      <Filter>shaders\grid</Filter>
    </None>
    <None Include="shaders\grid\shader.vert">
      <Filter>shaders\grid</Filter>
    </None>
    <None Include="shaders\skybox\skybox.vert">
      <Filter>shaders\skybox</Filter>
    </None>
    <None Include="shaders\skybox\skybox.frag">
      <Filter>shaders\skybox</Filter>
    </None>
  </ItemGroup>
  <ItemGroup>
    <Image Include="textures\skybox\left.png">
      <Filter>textures\skybox</Filter>
    </Image>
    <Image Include="textures\skybox\back.png">
      <Filter>textures\skybox</Filter>
    </Image>
    <Image Include="textures\skybox\top.png">
      <Filter>textures\skybox</Filter>
    </Image>
    <Image Include="textures\skybox\right.png">
      <Filter>textures\skybox</Filter>
    </Image>
    <Image Include="textures\skybox\front.png">
      <Filter>textures\skybox</Filter>
    </Image>
    <Image Include="textures\skybox\bottom.png">
      <Filter>textures\skybox</Filter>
    </Image>
  </ItemGroup>
  <ItemGroup>
    <ClInclude Include="include\stb_image.h">
      <Filter>include</Filter>
    </ClInclude>
    <ClInclude Include="include\glad\gl.h">
      <Filter>include</Filter>
    </ClInclude>
    <ClInclude Include="include\KHR\khrplatform.h">
      <Filter>include</Filter>
    </ClInclude>
  </ItemGroup>
</Project>